// !$*UTF8*$!
{
	archiveVersion = 1;
	classes = {
	};
	objectVersion = 56;
	objects = {

/* Begin PBXBuildFile section */
		C311BF1F2A754198002F1ADB /* AppDelegate.swift in Sources */ = {isa = PBXBuildFile; fileRef = C311BF1E2A754198002F1ADB /* AppDelegate.swift */; };
		C311BF212A754198002F1ADB /* SceneDelegate.swift in Sources */ = {isa = PBXBuildFile; fileRef = C311BF202A754198002F1ADB /* SceneDelegate.swift */; };
		C311BF282A754199002F1ADB /* Assets.xcassets in Resources */ = {isa = PBXBuildFile; fileRef = C311BF272A754199002F1ADB /* Assets.xcassets */; };
		C311BF2B2A754199002F1ADB /* LaunchScreen.storyboard in Resources */ = {isa = PBXBuildFile; fileRef = C311BF292A754199002F1ADB /* LaunchScreen.storyboard */; };
		C311BF372A7541CD002F1ADB /* .gitignore in Resources */ = {isa = PBXBuildFile; fileRef = C311BF362A7541CD002F1ADB /* .gitignore */; };
		C311BF3D2A754242002F1ADB /* CustomNavigationController.swift in Sources */ = {isa = PBXBuildFile; fileRef = C311BF3C2A754242002F1ADB /* CustomNavigationController.swift */; };
		C311BF402A75432A002F1ADB /* MainView.swift in Sources */ = {isa = PBXBuildFile; fileRef = C311BF3F2A75432A002F1ADB /* MainView.swift */; };
		C311BF432A75459B002F1ADB /* CustomCardView.swift in Sources */ = {isa = PBXBuildFile; fileRef = C311BF422A75459B002F1ADB /* CustomCardView.swift */; };
		C311BF462A754616002F1ADB /* Color+Extentsion.swift in Sources */ = {isa = PBXBuildFile; fileRef = C311BF452A754616002F1ADB /* Color+Extentsion.swift */; };
		C311BF492A754812002F1ADB /* CustomCircleView.swift in Sources */ = {isa = PBXBuildFile; fileRef = C311BF482A754812002F1ADB /* CustomCircleView.swift */; };
		C311BF4B2A7548F4002F1ADB /* MotionAnimationView.swift in Sources */ = {isa = PBXBuildFile; fileRef = C311BF4A2A7548F4002F1ADB /* MotionAnimationView.swift */; };
		C311BF4E2A7551D9002F1ADB /* MainViewModel.swift in Sources */ = {isa = PBXBuildFile; fileRef = C311BF4D2A7551D9002F1ADB /* MainViewModel.swift */; };
		C311BF502A7552A2002F1ADB /* Constants.swift in Sources */ = {isa = PBXBuildFile; fileRef = C311BF4F2A7552A2002F1ADB /* Constants.swift */; };
		C311BF542A755471002F1ADB /* PortfolioView.swift in Sources */ = {isa = PBXBuildFile; fileRef = C311BF532A755471002F1ADB /* PortfolioView.swift */; };
		C311BF562A755479002F1ADB /* PortfolioViewModel.swift in Sources */ = {isa = PBXBuildFile; fileRef = C311BF552A755479002F1ADB /* PortfolioViewModel.swift */; };
		C311BF582A755C67002F1ADB /* LICENSE in Resources */ = {isa = PBXBuildFile; fileRef = C311BF572A755C67002F1ADB /* LICENSE */; };
		C311BF5A2A755F50002F1ADB /* Image+Extension.swift in Sources */ = {isa = PBXBuildFile; fileRef = C311BF592A755F50002F1ADB /* Image+Extension.swift */; };
		C311BF5F2A75656A002F1ADB /* CustomListMainView.swift in Sources */ = {isa = PBXBuildFile; fileRef = C311BF5E2A75656A002F1ADB /* CustomListMainView.swift */; };
		C311BF612A75659D002F1ADB /* CustomNormalView.swift in Sources */ = {isa = PBXBuildFile; fileRef = C311BF602A75659D002F1ADB /* CustomNormalView.swift */; };
		C311BF632A756893002F1ADB /* CustomWithIconView.swift in Sources */ = {isa = PBXBuildFile; fileRef = C311BF622A756893002F1ADB /* CustomWithIconView.swift */; };
		C311BF652A757375002F1ADB /* TestImage.swift in Sources */ = {isa = PBXBuildFile; fileRef = C311BF642A757374002F1ADB /* TestImage.swift */; };
		C311BF682A7578E5002F1ADB /* MotionAnimationViewModel.swift in Sources */ = {isa = PBXBuildFile; fileRef = C311BF672A7578E5002F1ADB /* MotionAnimationViewModel.swift */; };
		C311BF6A2A75792F002F1ADB /* RandomGenerator.swift in Sources */ = {isa = PBXBuildFile; fileRef = C311BF692A75792F002F1ADB /* RandomGenerator.swift */; };
/* End PBXBuildFile section */

/* Begin PBXFileReference section */
		C311BF1B2A754198002F1ADB /* Portfolio.app */ = {isa = PBXFileReference; explicitFileType = wrapper.application; includeInIndex = 0; path = Portfolio.app; sourceTree = BUILT_PRODUCTS_DIR; };
		C311BF1E2A754198002F1ADB /* AppDelegate.swift */ = {isa = PBXFileReference; lastKnownFileType = sourcecode.swift; path = AppDelegate.swift; sourceTree = "<group>"; };
		C311BF202A754198002F1ADB /* SceneDelegate.swift */ = {isa = PBXFileReference; lastKnownFileType = sourcecode.swift; path = SceneDelegate.swift; sourceTree = "<group>"; };
		C311BF272A754199002F1ADB /* Assets.xcassets */ = {isa = PBXFileReference; lastKnownFileType = folder.assetcatalog; path = Assets.xcassets; sourceTree = "<group>"; };
		C311BF2A2A754199002F1ADB /* Base */ = {isa = PBXFileReference; lastKnownFileType = file.storyboard; name = Base; path = Base.lproj/LaunchScreen.storyboard; sourceTree = "<group>"; };
		C311BF2C2A754199002F1ADB /* Info.plist */ = {isa = PBXFileReference; lastKnownFileType = text.plist.xml; path = Info.plist; sourceTree = "<group>"; };
		C311BF362A7541CD002F1ADB /* .gitignore */ = {isa = PBXFileReference; lastKnownFileType = text; path = .gitignore; sourceTree = "<group>"; };
		C311BF3C2A754242002F1ADB /* CustomNavigationController.swift */ = {isa = PBXFileReference; lastKnownFileType = sourcecode.swift; path = CustomNavigationController.swift; sourceTree = "<group>"; };
		C311BF3F2A75432A002F1ADB /* MainView.swift */ = {isa = PBXFileReference; lastKnownFileType = sourcecode.swift; path = MainView.swift; sourceTree = "<group>"; };
		C311BF422A75459B002F1ADB /* CustomCardView.swift */ = {isa = PBXFileReference; lastKnownFileType = sourcecode.swift; path = CustomCardView.swift; sourceTree = "<group>"; };
		C311BF452A754616002F1ADB /* Color+Extentsion.swift */ = {isa = PBXFileReference; lastKnownFileType = sourcecode.swift; path = "Color+Extentsion.swift"; sourceTree = "<group>"; };
		C311BF482A754812002F1ADB /* CustomCircleView.swift */ = {isa = PBXFileReference; lastKnownFileType = sourcecode.swift; path = CustomCircleView.swift; sourceTree = "<group>"; };
		C311BF4A2A7548F4002F1ADB /* MotionAnimationView.swift */ = {isa = PBXFileReference; fileEncoding = 4; lastKnownFileType = sourcecode.swift; path = MotionAnimationView.swift; sourceTree = "<group>"; };
		C311BF4D2A7551D9002F1ADB /* MainViewModel.swift */ = {isa = PBXFileReference; lastKnownFileType = sourcecode.swift; path = MainViewModel.swift; sourceTree = "<group>"; };
		C311BF4F2A7552A2002F1ADB /* Constants.swift */ = {isa = PBXFileReference; lastKnownFileType = sourcecode.swift; path = Constants.swift; sourceTree = "<group>"; };
		C311BF532A755471002F1ADB /* PortfolioView.swift */ = {isa = PBXFileReference; lastKnownFileType = sourcecode.swift; path = PortfolioView.swift; sourceTree = "<group>"; };
		C311BF552A755479002F1ADB /* PortfolioViewModel.swift */ = {isa = PBXFileReference; lastKnownFileType = sourcecode.swift; path = PortfolioViewModel.swift; sourceTree = "<group>"; };
		C311BF572A755C67002F1ADB /* LICENSE */ = {isa = PBXFileReference; lastKnownFileType = text; path = LICENSE; sourceTree = "<group>"; };
		C311BF592A755F50002F1ADB /* Image+Extension.swift */ = {isa = PBXFileReference; lastKnownFileType = sourcecode.swift; path = "Image+Extension.swift"; sourceTree = "<group>"; };
		C311BF5E2A75656A002F1ADB /* CustomListMainView.swift */ = {isa = PBXFileReference; lastKnownFileType = sourcecode.swift; path = CustomListMainView.swift; sourceTree = "<group>"; };
		C311BF602A75659D002F1ADB /* CustomNormalView.swift */ = {isa = PBXFileReference; lastKnownFileType = sourcecode.swift; path = CustomNormalView.swift; sourceTree = "<group>"; };
		C311BF622A756893002F1ADB /* CustomWithIconView.swift */ = {isa = PBXFileReference; lastKnownFileType = sourcecode.swift; path = CustomWithIconView.swift; sourceTree = "<group>"; };
		C311BF642A757374002F1ADB /* TestImage.swift */ = {isa = PBXFileReference; lastKnownFileType = sourcecode.swift; path = TestImage.swift; sourceTree = "<group>"; };
		C311BF672A7578E5002F1ADB /* MotionAnimationViewModel.swift */ = {isa = PBXFileReference; lastKnownFileType = sourcecode.swift; path = MotionAnimationViewModel.swift; sourceTree = "<group>"; };
		C311BF692A75792F002F1ADB /* RandomGenerator.swift */ = {isa = PBXFileReference; fileEncoding = 4; lastKnownFileType = sourcecode.swift; path = RandomGenerator.swift; sourceTree = "<group>"; };
/* End PBXFileReference section */

/* Begin PBXFrameworksBuildPhase section */
		C311BF182A754198002F1ADB /* Frameworks */ = {
			isa = PBXFrameworksBuildPhase;
			buildActionMask = 2147483647;
			files = (
			);
			runOnlyForDeploymentPostprocessing = 0;
		};
/* End PBXFrameworksBuildPhase section */

/* Begin PBXGroup section */
		C311BF122A754198002F1ADB = {
			isa = PBXGroup;
			children = (
				C311BF572A755C67002F1ADB /* LICENSE */,
				C311BF362A7541CD002F1ADB /* .gitignore */,
				C311BF1D2A754198002F1ADB /* Portfolio */,
				C311BF1C2A754198002F1ADB /* Products */,
			);
			sourceTree = "<group>";
		};
		C311BF1C2A754198002F1ADB /* Products */ = {
			isa = PBXGroup;
			children = (
				C311BF1B2A754198002F1ADB /* Portfolio.app */,
			);
			name = Products;
			sourceTree = "<group>";
		};
		C311BF1D2A754198002F1ADB /* Portfolio */ = {
			isa = PBXGroup;
			children = (
				C311BF352A7541B5002F1ADB /* Screen */,
				C311BF342A7541AF002F1ADB /* Helper */,
				C311BF332A7541A9002F1ADB /* Resources */,
				C311BF322A75419F002F1ADB /* Application */,
			);
			path = Portfolio;
			sourceTree = "<group>";
		};
		C311BF322A75419F002F1ADB /* Application */ = {
			isa = PBXGroup;
			children = (
				C311BF1E2A754198002F1ADB /* AppDelegate.swift */,
				C311BF202A754198002F1ADB /* SceneDelegate.swift */,
			);
			path = Application;
			sourceTree = "<group>";
		};
		C311BF332A7541A9002F1ADB /* Resources */ = {
			isa = PBXGroup;
			children = (
				C311BF2C2A754199002F1ADB /* Info.plist */,
				C311BF272A754199002F1ADB /* Assets.xcassets */,
			);
			path = Resources;
			sourceTree = "<group>";
		};
		C311BF342A7541AF002F1ADB /* Helper */ = {
			isa = PBXGroup;
			children = (
				C311BF442A754609002F1ADB /* Extensions */,
				C311BF3B2A754233002F1ADB /* Navigation */,
				C311BF4F2A7552A2002F1ADB /* Constants.swift */,
			);
			path = Helper;
			sourceTree = "<group>";
		};
		C311BF352A7541B5002F1ADB /* Screen */ = {
			isa = PBXGroup;
			children = (
				C311BF412A75458D002F1ADB /* Component */,
				C311BF3A2A7541F3002F1ADB /* ViewModel */,
				C311BF392A7541EE002F1ADB /* View */,
				C311BF382A7541E6002F1ADB /* Storyboard */,
			);
			path = Screen;
			sourceTree = "<group>";
		};
		C311BF382A7541E6002F1ADB /* Storyboard */ = {
			isa = PBXGroup;
			children = (
				C311BF292A754199002F1ADB /* LaunchScreen.storyboard */,
			);
			path = Storyboard;
			sourceTree = "<group>";
		};
		C311BF392A7541EE002F1ADB /* View */ = {
			isa = PBXGroup;
			children = (
				C311BF512A75545A002F1ADB /* Portfolio */,
				C311BF3E2A754324002F1ADB /* Main */,
			);
			path = View;
			sourceTree = "<group>";
		};
		C311BF3A2A7541F3002F1ADB /* ViewModel */ = {
			isa = PBXGroup;
			children = (
				C311BF522A755466002F1ADB /* Portfolio */,
				C311BF4C2A7551D1002F1ADB /* Main */,
			);
			path = ViewModel;
			sourceTree = "<group>";
		};
		C311BF3B2A754233002F1ADB /* Navigation */ = {
			isa = PBXGroup;
			children = (
				C311BF3C2A754242002F1ADB /* CustomNavigationController.swift */,
			);
			path = Navigation;
			sourceTree = "<group>";
		};
		C311BF3E2A754324002F1ADB /* Main */ = {
			isa = PBXGroup;
			children = (
				C311BF3F2A75432A002F1ADB /* MainView.swift */,
			);
			path = Main;
			sourceTree = "<group>";
		};
		C311BF412A75458D002F1ADB /* Component */ = {
			isa = PBXGroup;
			children = (
				C311BF662A7578D7002F1ADB /* MotionAnimations */,
				C311BF5D2A7564FD002F1ADB /* CustomListView */,
				C311BF422A75459B002F1ADB /* CustomCardView.swift */,
				C311BF482A754812002F1ADB /* CustomCircleView.swift */,
			);
			path = Component;
			sourceTree = "<group>";
		};
		C311BF442A754609002F1ADB /* Extensions */ = {
			isa = PBXGroup;
			children = (
				C311BF452A754616002F1ADB /* Color+Extentsion.swift */,
				C311BF592A755F50002F1ADB /* Image+Extension.swift */,
			);
			path = Extensions;
			sourceTree = "<group>";
		};
		C311BF4C2A7551D1002F1ADB /* Main */ = {
			isa = PBXGroup;
			children = (
				C311BF4D2A7551D9002F1ADB /* MainViewModel.swift */,
			);
			path = Main;
			sourceTree = "<group>";
		};
		C311BF512A75545A002F1ADB /* Portfolio */ = {
			isa = PBXGroup;
			children = (
				C311BF532A755471002F1ADB /* PortfolioView.swift */,
			);
			path = Portfolio;
			sourceTree = "<group>";
		};
		C311BF522A755466002F1ADB /* Portfolio */ = {
			isa = PBXGroup;
			children = (
				C311BF552A755479002F1ADB /* PortfolioViewModel.swift */,
			);
			path = Portfolio;
			sourceTree = "<group>";
		};
		C311BF5D2A7564FD002F1ADB /* CustomListView */ = {
			isa = PBXGroup;
			children = (
				C311BF5E2A75656A002F1ADB /* CustomListMainView.swift */,
				C311BF602A75659D002F1ADB /* CustomNormalView.swift */,
				C311BF622A756893002F1ADB /* CustomWithIconView.swift */,
				C311BF642A757374002F1ADB /* TestImage.swift */,
			);
			path = CustomListView;
			sourceTree = "<group>";
		};
		C311BF662A7578D7002F1ADB /* MotionAnimations */ = {
			isa = PBXGroup;
			children = (
				C311BF692A75792F002F1ADB /* RandomGenerator.swift */,
				C311BF4A2A7548F4002F1ADB /* MotionAnimationView.swift */,
				C311BF672A7578E5002F1ADB /* MotionAnimationViewModel.swift */,
			);
			path = MotionAnimations;
			sourceTree = "<group>";
		};
/* End PBXGroup section */

/* Begin PBXNativeTarget section */
		C311BF1A2A754198002F1ADB /* Portfolio */ = {
			isa = PBXNativeTarget;
			buildConfigurationList = C311BF2F2A754199002F1ADB /* Build configuration list for PBXNativeTarget "Portfolio" */;
			buildPhases = (
				C311BF172A754198002F1ADB /* Sources */,
				C311BF182A754198002F1ADB /* Frameworks */,
				C311BF192A754198002F1ADB /* Resources */,
			);
			buildRules = (
			);
			dependencies = (
			);
			name = Portfolio;
			productName = Portfolio;
			productReference = C311BF1B2A754198002F1ADB /* Portfolio.app */;
			productType = "com.apple.product-type.application";
		};
/* End PBXNativeTarget section */

/* Begin PBXProject section */
		C311BF132A754198002F1ADB /* Project object */ = {
			isa = PBXProject;
			attributes = {
				BuildIndependentTargetsInParallel = 1;
				LastSwiftUpdateCheck = 1420;
				LastUpgradeCheck = 1420;
				TargetAttributes = {
					C311BF1A2A754198002F1ADB = {
						CreatedOnToolsVersion = 14.2;
					};
				};
			};
			buildConfigurationList = C311BF162A754198002F1ADB /* Build configuration list for PBXProject "Portfolio" */;
			compatibilityVersion = "Xcode 14.0";
			developmentRegion = en;
			hasScannedForEncodings = 0;
			knownRegions = (
				en,
				Base,
			);
			mainGroup = C311BF122A754198002F1ADB;
			productRefGroup = C311BF1C2A754198002F1ADB /* Products */;
			projectDirPath = "";
			projectRoot = "";
			targets = (
				C311BF1A2A754198002F1ADB /* Portfolio */,
			);
		};
/* End PBXProject section */

/* Begin PBXResourcesBuildPhase section */
		C311BF192A754198002F1ADB /* Resources */ = {
			isa = PBXResourcesBuildPhase;
			buildActionMask = 2147483647;
			files = (
				C311BF372A7541CD002F1ADB /* .gitignore in Resources */,
				C311BF2B2A754199002F1ADB /* LaunchScreen.storyboard in Resources */,
				C311BF582A755C67002F1ADB /* LICENSE in Resources */,
				C311BF282A754199002F1ADB /* Assets.xcassets in Resources */,
			);
			runOnlyForDeploymentPostprocessing = 0;
		};
/* End PBXResourcesBuildPhase section */

/* Begin PBXSourcesBuildPhase section */
		C311BF172A754198002F1ADB /* Sources */ = {
			isa = PBXSourcesBuildPhase;
			buildActionMask = 2147483647;
			files = (
				C311BF3D2A754242002F1ADB /* CustomNavigationController.swift in Sources */,
				C311BF682A7578E5002F1ADB /* MotionAnimationViewModel.swift in Sources */,
				C311BF402A75432A002F1ADB /* MainView.swift in Sources */,
				C311BF462A754616002F1ADB /* Color+Extentsion.swift in Sources */,
				C311BF492A754812002F1ADB /* CustomCircleView.swift in Sources */,
				C311BF6A2A75792F002F1ADB /* RandomGenerator.swift in Sources */,
				C311BF5F2A75656A002F1ADB /* CustomListMainView.swift in Sources */,
				C311BF652A757375002F1ADB /* TestImage.swift in Sources */,
				C311BF432A75459B002F1ADB /* CustomCardView.swift in Sources */,
				C311BF562A755479002F1ADB /* PortfolioViewModel.swift in Sources */,
				C311BF612A75659D002F1ADB /* CustomNormalView.swift in Sources */,
				C311BF502A7552A2002F1ADB /* Constants.swift in Sources */,
				C311BF5A2A755F50002F1ADB /* Image+Extension.swift in Sources */,
				C311BF4B2A7548F4002F1ADB /* MotionAnimationView.swift in Sources */,
				C311BF1F2A754198002F1ADB /* AppDelegate.swift in Sources */,
				C311BF542A755471002F1ADB /* PortfolioView.swift in Sources */,
				C311BF212A754198002F1ADB /* SceneDelegate.swift in Sources */,
				C311BF632A756893002F1ADB /* CustomWithIconView.swift in Sources */,
				C311BF4E2A7551D9002F1ADB /* MainViewModel.swift in Sources */,
			);
			runOnlyForDeploymentPostprocessing = 0;
		};
/* End PBXSourcesBuildPhase section */

/* Begin PBXVariantGroup section */
		C311BF292A754199002F1ADB /* LaunchScreen.storyboard */ = {
			isa = PBXVariantGroup;
			children = (
				C311BF2A2A754199002F1ADB /* Base */,
			);
			name = LaunchScreen.storyboard;
			sourceTree = "<group>";
		};
/* End PBXVariantGroup section */

/* Begin XCBuildConfiguration section */
		C311BF2D2A754199002F1ADB /* Debug */ = {
			isa = XCBuildConfiguration;
			buildSettings = {
				ALWAYS_SEARCH_USER_PATHS = NO;
				CLANG_ANALYZER_NONNULL = YES;
				CLANG_ANALYZER_NUMBER_OBJECT_CONVERSION = YES_AGGRESSIVE;
				CLANG_CXX_LANGUAGE_STANDARD = "gnu++20";
				CLANG_ENABLE_MODULES = YES;
				CLANG_ENABLE_OBJC_ARC = YES;
				CLANG_ENABLE_OBJC_WEAK = YES;
				CLANG_WARN_BLOCK_CAPTURE_AUTORELEASING = YES;
				CLANG_WARN_BOOL_CONVERSION = YES;
				CLANG_WARN_COMMA = YES;
				CLANG_WARN_CONSTANT_CONVERSION = YES;
				CLANG_WARN_DEPRECATED_OBJC_IMPLEMENTATIONS = YES;
				CLANG_WARN_DIRECT_OBJC_ISA_USAGE = YES_ERROR;
				CLANG_WARN_DOCUMENTATION_COMMENTS = YES;
				CLANG_WARN_EMPTY_BODY = YES;
				CLANG_WARN_ENUM_CONVERSION = YES;
				CLANG_WARN_INFINITE_RECURSION = YES;
				CLANG_WARN_INT_CONVERSION = YES;
				CLANG_WARN_NON_LITERAL_NULL_CONVERSION = YES;
				CLANG_WARN_OBJC_IMPLICIT_RETAIN_SELF = YES;
				CLANG_WARN_OBJC_LITERAL_CONVERSION = YES;
				CLANG_WARN_OBJC_ROOT_CLASS = YES_ERROR;
				CLANG_WARN_QUOTED_INCLUDE_IN_FRAMEWORK_HEADER = YES;
				CLANG_WARN_RANGE_LOOP_ANALYSIS = YES;
				CLANG_WARN_STRICT_PROTOTYPES = YES;
				CLANG_WARN_SUSPICIOUS_MOVE = YES;
				CLANG_WARN_UNGUARDED_AVAILABILITY = YES_AGGRESSIVE;
				CLANG_WARN_UNREACHABLE_CODE = YES;
				CLANG_WARN__DUPLICATE_METHOD_MATCH = YES;
				COPY_PHASE_STRIP = NO;
				DEBUG_INFORMATION_FORMAT = dwarf;
				ENABLE_STRICT_OBJC_MSGSEND = YES;
				ENABLE_TESTABILITY = YES;
				GCC_C_LANGUAGE_STANDARD = gnu11;
				GCC_DYNAMIC_NO_PIC = NO;
				GCC_NO_COMMON_BLOCKS = YES;
				GCC_OPTIMIZATION_LEVEL = 0;
				GCC_PREPROCESSOR_DEFINITIONS = (
					"DEBUG=1",
					"$(inherited)",
				);
				GCC_WARN_64_TO_32_BIT_CONVERSION = YES;
				GCC_WARN_ABOUT_RETURN_TYPE = YES_ERROR;
				GCC_WARN_UNDECLARED_SELECTOR = YES;
				GCC_WARN_UNINITIALIZED_AUTOS = YES_AGGRESSIVE;
				GCC_WARN_UNUSED_FUNCTION = YES;
				GCC_WARN_UNUSED_VARIABLE = YES;
				IPHONEOS_DEPLOYMENT_TARGET = 15.0;
				MTL_ENABLE_DEBUG_INFO = INCLUDE_SOURCE;
				MTL_FAST_MATH = YES;
				ONLY_ACTIVE_ARCH = YES;
				SDKROOT = iphoneos;
				SWIFT_ACTIVE_COMPILATION_CONDITIONS = DEBUG;
				SWIFT_OPTIMIZATION_LEVEL = "-Onone";
			};
			name = Debug;
		};
		C311BF2E2A754199002F1ADB /* Release */ = {
			isa = XCBuildConfiguration;
			buildSettings = {
				ALWAYS_SEARCH_USER_PATHS = NO;
				CLANG_ANALYZER_NONNULL = YES;
				CLANG_ANALYZER_NUMBER_OBJECT_CONVERSION = YES_AGGRESSIVE;
				CLANG_CXX_LANGUAGE_STANDARD = "gnu++20";
				CLANG_ENABLE_MODULES = YES;
				CLANG_ENABLE_OBJC_ARC = YES;
				CLANG_ENABLE_OBJC_WEAK = YES;
				CLANG_WARN_BLOCK_CAPTURE_AUTORELEASING = YES;
				CLANG_WARN_BOOL_CONVERSION = YES;
				CLANG_WARN_COMMA = YES;
				CLANG_WARN_CONSTANT_CONVERSION = YES;
				CLANG_WARN_DEPRECATED_OBJC_IMPLEMENTATIONS = YES;
				CLANG_WARN_DIRECT_OBJC_ISA_USAGE = YES_ERROR;
				CLANG_WARN_DOCUMENTATION_COMMENTS = YES;
				CLANG_WARN_EMPTY_BODY = YES;
				CLANG_WARN_ENUM_CONVERSION = YES;
				CLANG_WARN_INFINITE_RECURSION = YES;
				CLANG_WARN_INT_CONVERSION = YES;
				CLANG_WARN_NON_LITERAL_NULL_CONVERSION = YES;
				CLANG_WARN_OBJC_IMPLICIT_RETAIN_SELF = YES;
				CLANG_WARN_OBJC_LITERAL_CONVERSION = YES;
				CLANG_WARN_OBJC_ROOT_CLASS = YES_ERROR;
				CLANG_WARN_QUOTED_INCLUDE_IN_FRAMEWORK_HEADER = YES;
				CLANG_WARN_RANGE_LOOP_ANALYSIS = YES;
				CLANG_WARN_STRICT_PROTOTYPES = YES;
				CLANG_WARN_SUSPICIOUS_MOVE = YES;
				CLANG_WARN_UNGUARDED_AVAILABILITY = YES_AGGRESSIVE;
				CLANG_WARN_UNREACHABLE_CODE = YES;
				CLANG_WARN__DUPLICATE_METHOD_MATCH = YES;
				COPY_PHASE_STRIP = NO;
				DEBUG_INFORMATION_FORMAT = "dwarf-with-dsym";
				ENABLE_NS_ASSERTIONS = NO;
				ENABLE_STRICT_OBJC_MSGSEND = YES;
				GCC_C_LANGUAGE_STANDARD = gnu11;
				GCC_NO_COMMON_BLOCKS = YES;
				GCC_WARN_64_TO_32_BIT_CONVERSION = YES;
				GCC_WARN_ABOUT_RETURN_TYPE = YES_ERROR;
				GCC_WARN_UNDECLARED_SELECTOR = YES;
				GCC_WARN_UNINITIALIZED_AUTOS = YES_AGGRESSIVE;
				GCC_WARN_UNUSED_FUNCTION = YES;
				GCC_WARN_UNUSED_VARIABLE = YES;
				IPHONEOS_DEPLOYMENT_TARGET = 15.0;
				MTL_ENABLE_DEBUG_INFO = NO;
				MTL_FAST_MATH = YES;
				SDKROOT = iphoneos;
				SWIFT_COMPILATION_MODE = wholemodule;
				SWIFT_OPTIMIZATION_LEVEL = "-O";
				VALIDATE_PRODUCT = YES;
			};
			name = Release;
		};
		C311BF302A754199002F1ADB /* Debug */ = {
			isa = XCBuildConfiguration;
			buildSettings = {
				ASSETCATALOG_COMPILER_APPICON_NAME = AppIcon;
				ASSETCATALOG_COMPILER_GLOBAL_ACCENT_COLOR_NAME = AccentColor;
				CODE_SIGN_STYLE = Automatic;
				CURRENT_PROJECT_VERSION = 1;
				DEVELOPMENT_TEAM = 48S4T8HCYX;
				GENERATE_INFOPLIST_FILE = YES;
				INFOPLIST_FILE = Portfolio/Resources/Info.plist;
				INFOPLIST_KEY_UIApplicationSupportsIndirectInputEvents = YES;
				INFOPLIST_KEY_UILaunchStoryboardName = LaunchScreen;
				INFOPLIST_KEY_UIMainStoryboardFile = "";
				INFOPLIST_KEY_UISupportedInterfaceOrientations = UIInterfaceOrientationPortrait;
				INFOPLIST_KEY_UISupportedInterfaceOrientations_iPad = "UIInterfaceOrientationLandscapeLeft UIInterfaceOrientationLandscapeRight UIInterfaceOrientationPortrait UIInterfaceOrientationPortraitUpsideDown";
				IPHONEOS_DEPLOYMENT_TARGET = 15.0;
				LD_RUNPATH_SEARCH_PATHS = (
					"$(inherited)",
					"@executable_path/Frameworks",
				);
				MARKETING_VERSION = 1.0;
				PRODUCT_BUNDLE_IDENTIFIER = com.jun.Portfolio;
				PRODUCT_NAME = "$(TARGET_NAME)";
				SUPPORTED_PLATFORMS = "iphoneos iphonesimulator";
				SUPPORTS_MACCATALYST = NO;
				SUPPORTS_MAC_DESIGNED_FOR_IPHONE_IPAD = NO;
				SWIFT_EMIT_LOC_STRINGS = YES;
				SWIFT_VERSION = 5.0;
				TARGETED_DEVICE_FAMILY = 1;
			};
			name = Debug;
		};
		C311BF312A754199002F1ADB /* Release */ = {
			isa = XCBuildConfiguration;
			buildSettings = {
				ASSETCATALOG_COMPILER_APPICON_NAME = AppIcon;
				ASSETCATALOG_COMPILER_GLOBAL_ACCENT_COLOR_NAME = AccentColor;
				CODE_SIGN_STYLE = Automatic;
				CURRENT_PROJECT_VERSION = 1;
				DEVELOPMENT_TEAM = 48S4T8HCYX;
				GENERATE_INFOPLIST_FILE = YES;
				INFOPLIST_FILE = Portfolio/Resources/Info.plist;
				INFOPLIST_KEY_UIApplicationSupportsIndirectInputEvents = YES;
				INFOPLIST_KEY_UILaunchStoryboardName = LaunchScreen;
				INFOPLIST_KEY_UIMainStoryboardFile = "";
				INFOPLIST_KEY_UISupportedInterfaceOrientations = UIInterfaceOrientationPortrait;
				INFOPLIST_KEY_UISupportedInterfaceOrientations_iPad = "UIInterfaceOrientationLandscapeLeft UIInterfaceOrientationLandscapeRight UIInterfaceOrientationPortrait UIInterfaceOrientationPortraitUpsideDown";
				IPHONEOS_DEPLOYMENT_TARGET = 15.0;
				LD_RUNPATH_SEARCH_PATHS = (
					"$(inherited)",
					"@executable_path/Frameworks",
				);
				MARKETING_VERSION = 1.0;
				PRODUCT_BUNDLE_IDENTIFIER = com.jun.Portfolio;
				PRODUCT_NAME = "$(TARGET_NAME)";
				SUPPORTED_PLATFORMS = "iphoneos iphonesimulator";
				SUPPORTS_MACCATALYST = NO;
				SUPPORTS_MAC_DESIGNED_FOR_IPHONE_IPAD = NO;
				SWIFT_EMIT_LOC_STRINGS = YES;
				SWIFT_VERSION = 5.0;
				TARGETED_DEVICE_FAMILY = 1;
			};
			name = Release;
		};
/* End XCBuildConfiguration section */

/* Begin XCConfigurationList section */
		C311BF162A754198002F1ADB /* Build configuration list for PBXProject "Portfolio" */ = {
			isa = XCConfigurationList;
			buildConfigurations = (
				C311BF2D2A754199002F1ADB /* Debug */,
				C311BF2E2A754199002F1ADB /* Release */,
			);
			defaultConfigurationIsVisible = 0;
			defaultConfigurationName = Release;
		};
		C311BF2F2A754199002F1ADB /* Build configuration list for PBXNativeTarget "Portfolio" */ = {
			isa = XCConfigurationList;
			buildConfigurations = (
				C311BF302A754199002F1ADB /* Debug */,
				C311BF312A754199002F1ADB /* Release */,
			);
			defaultConfigurationIsVisible = 0;
			defaultConfigurationName = Release;
		};
/* End XCConfigurationList section */
	};
	rootObject = C311BF132A754198002F1ADB /* Project object */;
}
